
Microsoft Visual Studio Solution File, Format Version 12.00
# Visual Studio Version 16
VisualStudioVersion = 16.0.28315.86
MinimumVisualStudioVersion = 10.0.40219.1
Project("{2150E333-8FDC-42A3-9474-1A3956D46DE8}") = "Engine", "Engine", "{158A8AE1-8151-47D9-9185-0E42265CB755}"
EndProject
Project("{2150E333-8FDC-42A3-9474-1A3956D46DE8}") = "Games", "Games", "{4F3FEE41-477C-4847-A394-895759AFDE18}"
EndProject
Project("{8BC9CEB8-8B4A-11D0-8D11-00A0C91BC942}") = "UE4", "Intermediate\ProjectFiles\UE4.vcxproj", "{E891495B-830A-49E0-9FD5-5AC4A704B750}"
EndProject
Project("{8BC9CEB8-8B4A-11D0-8D11-00A0C91BC942}") = "BattleTank", "Intermediate\ProjectFiles\BattleTank.vcxproj", "{E13B3E07-6D1D-4D39-A3A6-930F02D94641}"
EndProject
Project("{2150E333-8FDC-42A3-9474-1A3956D46DE8}") = "Visualizers", "Visualizers", "{2EC3B61A-E03C-460E-A6E0-CA9E17AB0869}"
	ProjectSection(SolutionItems) = preProject
		..\..\..\..\..\..\Program Files\Epic Games\UE_4.22\Engine\Extras\VisualStudioDebugging\UE4.natvis = ..\..\..\..\..\..\Program Files\Epic Games\UE_4.22\Engine\Extras\VisualStudioDebugging\UE4.natvis
	EndProjectSection
EndProject
Global
	GlobalSection(SolutionConfigurationPlatforms) = preSolution
		DebugGame Editor|HTML5 = DebugGame Editor|HTML5
		DebugGame Editor|Win32 = DebugGame Editor|Win32
		DebugGame Editor|Win64 = DebugGame Editor|Win64
		DebugGame|HTML5 = DebugGame|HTML5
		DebugGame|Win32 = DebugGame|Win32
		DebugGame|Win64 = DebugGame|Win64
		Development Editor|HTML5 = Development Editor|HTML5
		Development Editor|Win32 = Development Editor|Win32
		Development Editor|Win64 = Development Editor|Win64
		Development|HTML5 = Development|HTML5
		Development|Win32 = Development|Win32
		Development|Win64 = Development|Win64
		Shipping|HTML5 = Shipping|HTML5
		Shipping|Win32 = Shipping|Win32
		Shipping|Win64 = Shipping|Win64
	EndGlobalSection
	GlobalSection(ProjectConfigurationPlatforms) = postSolution
		{E891495B-830A-49E0-9FD5-5AC4A704B750}.DebugGame Editor|HTML5.ActiveCfg = BuiltWithUnrealBuildTool|Win32
		{E891495B-830A-49E0-9FD5-5AC4A704B750}.DebugGame Editor|Win32.ActiveCfg = BuiltWithUnrealBuildTool|Win32
		{E891495B-830A-49E0-9FD5-5AC4A704B750}.DebugGame Editor|Win64.ActiveCfg = BuiltWithUnrealBuildTool|Win32
		{E891495B-830A-49E0-9FD5-5AC4A704B750}.DebugGame|HTML5.ActiveCfg = BuiltWithUnrealBuildTool|Win32
		{E891495B-830A-49E0-9FD5-5AC4A704B750}.DebugGame|Win32.ActiveCfg = BuiltWithUnrealBuildTool|Win32
		{E891495B-830A-49E0-9FD5-5AC4A704B750}.DebugGame|Win64.ActiveCfg = BuiltWithUnrealBuildTool|Win32
		{E891495B-830A-49E0-9FD5-5AC4A704B750}.Development Editor|HTML5.ActiveCfg = BuiltWithUnrealBuildTool|Win32
		{E891495B-830A-49E0-9FD5-5AC4A704B750}.Development Editor|Win32.ActiveCfg = BuiltWithUnrealBuildTool|Win32
		{E891495B-830A-49E0-9FD5-5AC4A704B750}.Development Editor|Win64.ActiveCfg = BuiltWithUnrealBuildTool|Win32
		{E891495B-830A-49E0-9FD5-5AC4A704B750}.Development|HTML5.ActiveCfg = BuiltWithUnrealBuildTool|Win32
		{E891495B-830A-49E0-9FD5-5AC4A704B750}.Development|Win32.ActiveCfg = BuiltWithUnrealBuildTool|Win32
		{E891495B-830A-49E0-9FD5-5AC4A704B750}.Development|Win64.ActiveCfg = BuiltWithUnrealBuildTool|Win32
		{E891495B-830A-49E0-9FD5-5AC4A704B750}.Shipping|HTML5.ActiveCfg = BuiltWithUnrealBuildTool|Win32
		{E891495B-830A-49E0-9FD5-5AC4A704B750}.Shipping|Win32.ActiveCfg = BuiltWithUnrealBuildTool|Win32
		{E891495B-830A-49E0-9FD5-5AC4A704B750}.Shipping|Win64.ActiveCfg = BuiltWithUnrealBuildTool|Win32
		{E13B3E07-6D1D-4D39-A3A6-930F02D94641}.DebugGame Editor|HTML5.ActiveCfg = Invalid|Win32
		{E13B3E07-6D1D-4D39-A3A6-930F02D94641}.DebugGame Editor|Win32.ActiveCfg = Invalid|Win32
		{E13B3E07-6D1D-4D39-A3A6-930F02D94641}.DebugGame Editor|Win64.ActiveCfg = DebugGame_Editor|x64
		{E13B3E07-6D1D-4D39-A3A6-930F02D94641}.DebugGame Editor|Win64.Build.0 = DebugGame_Editor|x64
		{E13B3E07-6D1D-4D39-A3A6-930F02D94641}.DebugGame|HTML5.ActiveCfg = HTML5_DebugGame|Win32
		{E13B3E07-6D1D-4D39-A3A6-930F02D94641}.DebugGame|HTML5.Build.0 = HTML5_DebugGame|Win32
		{E13B3E07-6D1D-4D39-A3A6-930F02D94641}.DebugGame|Win32.ActiveCfg = DebugGame|Win32
		{E13B3E07-6D1D-4D39-A3A6-930F02D94641}.DebugGame|Win32.Build.0 = DebugGame|Win32
		{E13B3E07-6D1D-4D39-A3A6-930F02D94641}.DebugGame|Win64.ActiveCfg = DebugGame|x64
		{E13B3E07-6D1D-4D39-A3A6-930F02D94641}.DebugGame|Win64.Build.0 = DebugGame|x64
		{E13B3E07-6D1D-4D39-A3A6-930F02D94641}.Development Editor|HTML5.ActiveCfg = Invalid|Win32
		{E13B3E07-6D1D-4D39-A3A6-930F02D94641}.Development Editor|Win32.ActiveCfg = Invalid|Win32
		{E13B3E07-6D1D-4D39-A3A6-930F02D94641}.Development Editor|Win64.ActiveCfg = Development_Editor|x64
		{E13B3E07-6D1D-4D39-A3A6-930F02D94641}.Development Editor|Win64.Build.0 = Development_Editor|x64
		{E13B3E07-6D1D-4D39-A3A6-930F02D94641}.Development|HTML5.ActiveCfg = HTML5_Development|Win32
		{E13B3E07-6D1D-4D39-A3A6-930F02D94641}.Development|HTML5.Build.0 = HTML5_Development|Win32
		{E13B3E07-6D1D-4D39-A3A6-930F02D94641}.Development|Win32.ActiveCfg = Development|Win32
		{E13B3E07-6D1D-4D39-A3A6-930F02D94641}.Development|Win32.Build.0 = Development|Win32
		{E13B3E07-6D1D-4D39-A3A6-930F02D94641}.Development|Win64.ActiveCfg = Development|x64
		{E13B3E07-6D1D-4D39-A3A6-930F02D94641}.Development|Win64.Build.0 = Development|x64
		{E13B3E07-6D1D-4D39-A3A6-930F02D94641}.Shipping|HTML5.ActiveCfg = HTML5_Shipping|Win32
		{E13B3E07-6D1D-4D39-A3A6-930F02D94641}.Shipping|HTML5.Build.0 = HTML5_Shipping|Win32
		{E13B3E07-6D1D-4D39-A3A6-930F02D94641}.Shipping|Win32.ActiveCfg = Shipping|Win32
		{E13B3E07-6D1D-4D39-A3A6-930F02D94641}.Shipping|Win32.Build.0 = Shipping|Win32
		{E13B3E07-6D1D-4D39-A3A6-930F02D94641}.Shipping|Win64.ActiveCfg = Shipping|x64
		{E13B3E07-6D1D-4D39-A3A6-930F02D94641}.Shipping|Win64.Build.0 = Shipping|x64
	EndGlobalSection
	GlobalSection(SolutionProperties) = preSolution
		HideSolutionNode = FALSE
	EndGlobalSection
	GlobalSection(NestedProjects) = preSolution
		{E891495B-830A-49E0-9FD5-5AC4A704B750} = {158A8AE1-8151-47D9-9185-0E42265CB755}
		{E13B3E07-6D1D-4D39-A3A6-930F02D94641} = {4F3FEE41-477C-4847-A394-895759AFDE18}
	EndGlobalSection
EndGlobal
